
Microsoft Visual Studio Solution File, Format Version 12.00
# Visual Studio Version 17
VisualStudioVersion = 17.9.34728.123
MinimumVisualStudioVersion = 10.0.40219.1
Project("{FAE04EC0-301F-11D3-BF4B-00C04F79EFBC}") = "WpfApp2", "WpfApp2\WpfApp2.csproj", "{6F07C91A-E23E-4E16-91AA-F71B98621406}"
EndProject
Global
	GlobalSection(SolutionConfigurationPlatforms) = preSolution
		Debug|Any CPU = Debug|Any CPU
		Release|Any CPU = Release|Any CPU
	EndGlobalSection
	GlobalSection(ProjectConfigurationPlatforms) = postSolution
		{6F07C91A-E23E-4E16-91AA-F71B98621406}.Debug|Any CPU.ActiveCfg = Debug|Any CPU
		{6F07C91A-E23E-4E16-91AA-F71B98621406}.Debug|Any CPU.Build.0 = Debug|Any CPU
		{6F07C91A-E23E-4E16-91AA-F71B98621406}.Release|Any CPU.ActiveCfg = Release|Any CPU
		{6F07C91A-E23E-4E16-91AA-F71B98621406}.Release|Any CPU.Build.0 = Release|Any CPU
	EndGlobalSection
	GlobalSection(SolutionProperties) = preSolution
		HideSolutionNode = FALSE
	EndGlobalSection
	GlobalSection(ExtensibilityGlobals) = postSolution
		SolutionGuid = {14D15703-6803-4E48-BB7A-B0A006CBE3F4}
	EndGlobalSection
EndGlobal
